{
  "name": "roomme",
  "version": "1.0.0",
  "lockfileVersion": 1,
  "requires": true,
  "dependencies": {
    "axios": {
      "version": "0.21.1",
      "resolved": "https://registry.npmjs.org/axios/-/axios-0.21.1.tgz",
      "integrity": "sha512-dKQiRHxGD9PPRIUNIWvZhPTPpl1rf/OxTYKsqKUDjBwYylTvV7SjSHJb9ratfyzM6wCdLCOYLzs73qpg5c4iGA==",
      "requires": {
        "follow-redirects": "^1.10.0"
      }
    },
    "follow-redirects": {
      "version": "1.13.2",
      "resolved": "https://registry.npmjs.org/follow-redirects/-/follow-redirects-1.13.2.tgz",
      "integrity": "sha512-6mPTgLxYm3r6Bkkg0vNM0HTjfGrOEtsfbhagQvbxDEsEkpNhw582upBaoRZylzen6krEmxXJgt9Ju6HiI4O7BA=="
    },
    "interact.js": {
      "version": "1.2.8",
      "resolved": "https://registry.npmjs.org/interact.js/-/interact.js-1.2.8.tgz",
      "integrity": "sha1-tivABFY7XG8pS2sRWzliBdhD9gs="
    },
    "vue2-interact": {
      "version": "0.0.3",
      "resolved": "https://registry.npmjs.org/vue2-interact/-/vue2-interact-0.0.3.tgz",
      "integrity": "sha512-jfJ3Eo33ut2PqCOkh4mTcDLQdwkSN5eBf/VWYTpmLLBIn//xWZE4Hjn7Qc7Pv9STd581+oswSua4E3A+/h579w==",
      "requires": {
        "interact.js": "^1.2.8"
      }
    }
  }
}
